
Microsoft Visual Studio Solution File, Format Version 12.00
# Visual Studio 15
VisualStudioVersion = 15.0.28307.1062
MinimumVisualStudioVersion = 10.0.40219.1
Project("{8BC9CEB8-8B4A-11D0-8D11-00A0C91BC942}") = "Pokemon_Shooting", "Pokemon_Shooting\Pokemon_Shooting.vcxproj", "{44C4661E-E8F6-4F86-A599-9B7330CA2EEB}"
EndProject
Global
	GlobalSection(SolutionConfigurationPlatforms) = preSolution
		Debug|x64 = Debug|x64
		Debug|x86 = Debug|x86
		Release|x64 = Release|x64
		Release|x86 = Release|x86
	EndGlobalSection
	GlobalSection(ProjectConfigurationPlatforms) = postSolution
		{44C4661E-E8F6-4F86-A599-9B7330CA2EEB}.Debug|x64.ActiveCfg = Debug|x64
		{44C4661E-E8F6-4F86-A599-9B7330CA2EEB}.Debug|x64.Build.0 = Debug|x64
		{44C4661E-E8F6-4F86-A599-9B7330CA2EEB}.Debug|x86.ActiveCfg = Debug|Win32
		{44C4661E-E8F6-4F86-A599-9B7330CA2EEB}.Debug|x86.Build.0 = Debug|Win32
		{44C4661E-E8F6-4F86-A599-9B7330CA2EEB}.Release|x64.ActiveCfg = Release|x64
		{44C4661E-E8F6-4F86-A599-9B7330CA2EEB}.Release|x64.Build.0 = Release|x64
		{44C4661E-E8F6-4F86-A599-9B7330CA2EEB}.Release|x86.ActiveCfg = Release|Win32
		{44C4661E-E8F6-4F86-A599-9B7330CA2EEB}.Release|x86.Build.0 = Release|Win32
	EndGlobalSection
	GlobalSection(SolutionProperties) = preSolution
		HideSolutionNode = FALSE
	EndGlobalSection
	GlobalSection(ExtensibilityGlobals) = postSolution
		SolutionGuid = {04882919-CA48-4B2D-B353-BAA566B4DD04}
	EndGlobalSection
EndGlobal
